
Microsoft Visual Studio Solution File, Format Version 12.00
# Visual Studio Version 16
VisualStudioVersion = 16.0.31112.23
MinimumVisualStudioVersion = 10.0.40219.1
Project("{FAE04EC0-301F-11D3-BF4B-00C04F79EFBC}") = "ProCode.PlusHosting.ClientTests", "ProCode.PlusHosting.ClientTests\ProCode.PlusHosting.ClientTests.csproj", "{23A2761D-65E1-4E89-990E-769D19243043}"
EndProject
Project("{2150E333-8FDC-42A3-9474-1A3956D46DE8}") = "Tests", "Tests", "{DE82CE7F-E4C6-4546-BBC0-9D00C6E96EEB}"
EndProject
Project("{FAE04EC0-301F-11D3-BF4B-00C04F79EFBC}") = "ProCode.PlusHosting.Client", "ProCode.PlusHosting.Client\ProCode.PlusHosting.Client.csproj", "{19106095-B9BB-49F9-AC18-21FF7D3D7509}"
EndProject
Project("{FAE04EC0-301F-11D3-BF4B-00C04F79EFBC}") = "ProCode.PlusHosting.IpUpdate.Service", "ProCode.PlusHosting.IPUpdate.Service\ProCode.PlusHosting.IpUpdate.Service.csproj", "{7116D044-040C-4AE5-BBF1-B0251D07883C}"
EndProject
Project("{54435603-DBB4-11D2-8724-00A0C9A8B90C}") = "ProCode.PlusHosting.IpUpdate.ServiceSetup", "ProCode.PlusHosting.IpUpdate.ServiceSetup\ProCode.PlusHosting.IpUpdate.ServiceSetup.vdproj", "{BC852F00-DBEF-4F51-9B0F-1B08E4285433}"
EndProject
Global
	GlobalSection(SolutionConfigurationPlatforms) = preSolution
		Debug|Any CPU = Debug|Any CPU
		Release|Any CPU = Release|Any CPU
	EndGlobalSection
	GlobalSection(ProjectConfigurationPlatforms) = postSolution
		{23A2761D-65E1-4E89-990E-769D19243043}.Debug|Any CPU.ActiveCfg = Debug|Any CPU
		{23A2761D-65E1-4E89-990E-769D19243043}.Debug|Any CPU.Build.0 = Debug|Any CPU
		{23A2761D-65E1-4E89-990E-769D19243043}.Release|Any CPU.ActiveCfg = Release|Any CPU
		{23A2761D-65E1-4E89-990E-769D19243043}.Release|Any CPU.Build.0 = Release|Any CPU
		{19106095-B9BB-49F9-AC18-21FF7D3D7509}.Debug|Any CPU.ActiveCfg = Debug|Any CPU
		{19106095-B9BB-49F9-AC18-21FF7D3D7509}.Debug|Any CPU.Build.0 = Debug|Any CPU
		{19106095-B9BB-49F9-AC18-21FF7D3D7509}.Release|Any CPU.ActiveCfg = Release|Any CPU
		{19106095-B9BB-49F9-AC18-21FF7D3D7509}.Release|Any CPU.Build.0 = Release|Any CPU
		{7116D044-040C-4AE5-BBF1-B0251D07883C}.Debug|Any CPU.ActiveCfg = Debug|Any CPU
		{7116D044-040C-4AE5-BBF1-B0251D07883C}.Debug|Any CPU.Build.0 = Debug|Any CPU
		{7116D044-040C-4AE5-BBF1-B0251D07883C}.Release|Any CPU.ActiveCfg = Release|Any CPU
		{7116D044-040C-4AE5-BBF1-B0251D07883C}.Release|Any CPU.Build.0 = Release|Any CPU
		{BC852F00-DBEF-4F51-9B0F-1B08E4285433}.Debug|Any CPU.ActiveCfg = Debug
		{BC852F00-DBEF-4F51-9B0F-1B08E4285433}.Release|Any CPU.ActiveCfg = Release
	EndGlobalSection
	GlobalSection(SolutionProperties) = preSolution
		HideSolutionNode = FALSE
	EndGlobalSection
	GlobalSection(NestedProjects) = preSolution
		{23A2761D-65E1-4E89-990E-769D19243043} = {DE82CE7F-E4C6-4546-BBC0-9D00C6E96EEB}
	EndGlobalSection
	GlobalSection(ExtensibilityGlobals) = postSolution
		SolutionGuid = {A4BCC8D2-4E95-48ED-BB46-00AAE49631E1}
	EndGlobalSection
EndGlobal
